
Microsoft Visual Studio Solution File, Format Version 12.00
# Visual Studio Version 16
VisualStudioVersion = 16.0.30711.63
MinimumVisualStudioVersion = 10.0.40219.1
Project("{FAE04EC0-301F-11D3-BF4B-00C04F79EFBC}") = "cashUpCalculator", "cashUpCalculator.csproj", "{01FB7C61-C414-42D7-A3E7-E34527DAFAA7}"
EndProject
Global
	GlobalSection(SolutionConfigurationPlatforms) = preSolution
		Debug|Any CPU = Debug|Any CPU
		Release|Any CPU = Release|Any CPU
	EndGlobalSection
	GlobalSection(ProjectConfigurationPlatforms) = postSolution
		{01FB7C61-C414-42D7-A3E7-E34527DAFAA7}.Debug|Any CPU.ActiveCfg = Debug|Any CPU
		{01FB7C61-C414-42D7-A3E7-E34527DAFAA7}.Debug|Any CPU.Build.0 = Debug|Any CPU
		{01FB7C61-C414-42D7-A3E7-E34527DAFAA7}.Release|Any CPU.ActiveCfg = Release|Any CPU
		{01FB7C61-C414-42D7-A3E7-E34527DAFAA7}.Release|Any CPU.Build.0 = Release|Any CPU
	EndGlobalSection
	GlobalSection(SolutionProperties) = preSolution
		HideSolutionNode = FALSE
	EndGlobalSection
	GlobalSection(ExtensibilityGlobals) = postSolution
		SolutionGuid = {C944738A-1252-492F-9981-5D9B473181E4}
	EndGlobalSection
EndGlobal
